# @generated by Move, please check-in and do not edit manually.

[move]
version = 3
manifest_digest = "5412E902C3486159A62E107B695D4BB90223DD25D9E8C77F69AB9063A26754DB"
deps_digest = "F8BBB0CCB2491CA29A3DF03D6F92277A4F3574266507ACD77214D37ECA3F3082"
dependencies = [
  { id = "Sui", name = "Sui" },
]

[[move.package]]
id = "MoveStdlib"
source = { git = "https://github.com/MystenLabs/sui.git", rev = "framework/testnet", subdir = "crates/sui-framework/packages/move-stdlib" }

[[move.package]]
id = "Sui"
source = { git = "https://github.com/MystenLabs/sui.git", rev = "framework/testnet", subdir = "crates/sui-framework/packages/sui-framework" }

dependencies = [
  { id = "MoveStdlib", name = "MoveStdlib" },
]

[move.toolchain-version]
compiler-version = "1.58.2"
edition = "2024.beta"
flavor = "sui"

[env]

[env.testnet]
chain-id = "4c78adac"
original-published-id = "0x871356f4b8e45c4ce0955b0921e284c6a2031c6f4a7fbd60c64c353a91de9237"
latest-published-id = "0x871356f4b8e45c4ce0955b0921e284c6a2031c6f4a7fbd60c64c353a91de9237"
published-version = "1"
